{
    "_meta": {
        "hash": {
            "sha256": "43673d2b6bf1d65c9292620ee4ab7cdf5bd58d4547420cd8ae943c638a2dbd36"
        },
        "pipfile-spec": 6,
        "requires": {},
        "sources": [
            {
                "name": "pypi",
                "url": "https://pypi.org/simple",
                "verify_ssl": true
            }
        ]
    },
    "default": {
        "click": {
            "hashes": [
                "sha256:7682dc8afb30297001674575ea00d1814d808d6a36af415a82bd481d37ba7b8e",
                "sha256:bb4d8133cb15a609f44e8213d9b391b0809795062913b383c62be0ee95b1db48"
            ],
            "markers": "python_version >= '3.7'",
            "version": "==8.1.3"
        },
        "flask": {
            "hashes": [
                "sha256:2271c0070dbcb5275fad4a82e29f23ab92682dc45f9dfbc22c02ba9b9322ce48",
                "sha256:a080b744b7e345ccfcbc77954861cb05b3c63786e93f2b3875e0913d44b43f05"
            ],
            "index": "pypi",
            "version": "==1.0.2"
        },
        "gunicorn": {
            "hashes": [
                "sha256:aa8e0b40b4157b36a5df5e599f45c9c76d6af43845ba3b3b0efe2c70473c2471",
                "sha256:fa2662097c66f920f53f70621c6c58ca4a3c4d3434205e608e121b5b3b71f4f3"
            ],
            "index": "pypi",
            "version": "==19.9.0"
        },
        "itsdangerous": {
            "hashes": [
                "sha256:2c2349112351b88699d8d4b6b075022c0808887cb7ad10069318a8b0bc88db44",
                "sha256:5dbbc68b317e5e42f327f9021763545dc3fc3bfe22e6deb96aaf1fc38874156a"
            ],
            "markers": "python_version >= '3.7'",
            "version": "==2.1.2"
        },
        "jinja2": {
            "hashes": [
                "sha256:31351a702a408a9e7595a8fc6150fc3f43bb6bf7e319770cbc0db9df9437e852",
                "sha256:6088930bfe239f0e6710546ab9c19c9ef35e29792895fed6e6e31a023a182a61"
            ],
            "markers": "python_version >= '3.7'",
            "version": "==3.1.2"
        },
        "markupsafe": {
            "hashes": [
                "sha256:0576fe974b40a400449768941d5d0858cc624e3249dfd1e0c33674e5c7ca7aed",
                "sha256:085fd3201e7b12809f9e6e9bc1e5c96a368c8523fad5afb02afe3c051ae4afcc",
                "sha256:090376d812fb6ac5f171e5938e82e7f2d7adc2b629101cec0db8b267815c85e2",
                "sha256:0b462104ba25f1ac006fdab8b6a01ebbfbce9ed37fd37fd4acd70c67c973e460",
                "sha256:137678c63c977754abe9086a3ec011e8fd985ab90631145dfb9294ad09c102a7",
                "sha256:1bea30e9bf331f3fef67e0a3877b2288593c98a21ccb2cf29b74c581a4eb3af0",
                "sha256:22152d00bf4a9c7c83960521fc558f55a1adbc0631fbb00a9471e097b19d72e1",
                "sha256:22731d79ed2eb25059ae3df1dfc9cb1546691cc41f4e3130fe6bfbc3ecbbecfa",
                "sha256:2298c859cfc5463f1b64bd55cb3e602528db6fa0f3cfd568d3605c50678f8f03",
                "sha256:28057e985dace2f478e042eaa15606c7efccb700797660629da387eb289b9323",
                "sha256:2e7821bffe00aa6bd07a23913b7f4e01328c3d5cc0b40b36c0bd81d362faeb65",
                "sha256:2ec4f2d48ae59bbb9d1f9d7efb9236ab81429a764dedca114f5fdabbc3788013",
                "sha256:340bea174e9761308703ae988e982005aedf427de816d1afe98147668cc03036",
                "sha256:40627dcf047dadb22cd25ea7ecfe9cbf3bbbad0482ee5920b582f3809c97654f",
                "sha256:40dfd3fefbef579ee058f139733ac336312663c6706d1163b82b3003fb1925c4",
                "sha256:4cf06cdc1dda95223e9d2d3c58d3b178aa5dacb35ee7e3bbac10e4e1faacb419",
                "sha256:50c42830a633fa0cf9e7d27664637532791bfc31c731a87b202d2d8ac40c3ea2",
                "sha256:55f44b440d491028addb3b88f72207d71eeebfb7b5dbf0643f7c023ae1fba619",
                "sha256:608e7073dfa9e38a85d38474c082d4281f4ce276ac0010224eaba11e929dd53a",
                "sha256:63ba06c9941e46fa389d389644e2d8225e0e3e5ebcc4ff1ea8506dce646f8c8a",
                "sha256:65608c35bfb8a76763f37036547f7adfd09270fbdbf96608be2bead319728fcd",
                "sha256:665a36ae6f8f20a4676b53224e33d456a6f5a72657d9c83c2aa00765072f31f7",
                "sha256:6d6607f98fcf17e534162f0709aaad3ab7a96032723d8ac8750ffe17ae5a0666",
                "sha256:7313ce6a199651c4ed9d7e4cfb4aa56fe923b1adf9af3b420ee14e6d9a73df65",
                "sha256:7668b52e102d0ed87cb082380a7e2e1e78737ddecdde129acadb0eccc5423859",
                "sha256:7df70907e00c970c60b9ef2938d894a9381f38e6b9db73c5be35e59d92e06625",
                "sha256:7e007132af78ea9df29495dbf7b5824cb71648d7133cf7848a2a5dd00d36f9ff",
                "sha256:835fb5e38fd89328e9c81067fd642b3593c33e1e17e2fdbf77f5676abb14a156",
                "sha256:8bca7e26c1dd751236cfb0c6c72d4ad61d986e9a41bbf76cb445f69488b2a2bd",
                "sha256:8db032bf0ce9022a8e41a22598eefc802314e81b879ae093f36ce9ddf39ab1ba",
                "sha256:99625a92da8229df6d44335e6fcc558a5037dd0a760e11d84be2260e6f37002f",
                "sha256:9cad97ab29dfc3f0249b483412c85c8ef4766d96cdf9dcf5a1e3caa3f3661cf1",
                "sha256:a4abaec6ca3ad8660690236d11bfe28dfd707778e2442b45addd2f086d6ef094",
                "sha256:a6e40afa7f45939ca356f348c8e23048e02cb109ced1eb8420961b2f40fb373a",
                "sha256:a6f2fcca746e8d5910e18782f976489939d54a91f9411c32051b4aab2bd7c513",
                "sha256:a806db027852538d2ad7555b203300173dd1b77ba116de92da9afbc3a3be3eed",
                "sha256:abcabc8c2b26036d62d4c746381a6f7cf60aafcc653198ad678306986b09450d",
                "sha256:b8526c6d437855442cdd3d87eede9c425c4445ea011ca38d937db299382e6fa3",
                "sha256:bb06feb762bade6bf3c8b844462274db0c76acc95c52abe8dbed28ae3d44a147",
                "sha256:c0a33bc9f02c2b17c3ea382f91b4db0e6cde90b63b296422a939886a7a80de1c",
                "sha256:c4a549890a45f57f1ebf99c067a4ad0cb423a05544accaf2b065246827ed9603",
                "sha256:ca244fa73f50a800cf8c3ebf7fd93149ec37f5cb9596aa8873ae2c1d23498601",
                "sha256:cf877ab4ed6e302ec1d04952ca358b381a882fbd9d1b07cccbfd61783561f98a",
                "sha256:d9d971ec1e79906046aa3ca266de79eac42f1dbf3612a05dc9368125952bd1a1",
                "sha256:da25303d91526aac3672ee6d49a2f3db2d9502a4a60b55519feb1a4c7714e07d",
                "sha256:e55e40ff0cc8cc5c07996915ad367fa47da6b3fc091fdadca7f5403239c5fec3",
                "sha256:f03a532d7dee1bed20bc4884194a16160a2de9ffc6354b3878ec9682bb623c54",
                "sha256:f1cd098434e83e656abf198f103a8207a8187c0fc110306691a2e94a78d0abb2",
                "sha256:f2bfb563d0211ce16b63c7cb9395d2c682a23187f54c3d79bfec33e6705473c6",
                "sha256:f8ffb705ffcf5ddd0e80b65ddf7bed7ee4f5a441ea7d3419e861a12eaf41af58"
            ],
            "markers": "python_version >= '3.7'",
            "version": "==2.1.2"
        },
        "werkzeug": {
            "hashes": [
                "sha256:87ae4e5b5366da2347eb3116c0e6c681a0e939a33b2805e2c0cbd282664932c4",
                "sha256:a13b74dd3c45f758d4ebdb224be8f1ab8ef58b3c0ffc1783a8c7d9f4f50227e6"
            ],
            "index": "pypi",
            "version": "==0.15.5"
        }
    },
    "develop": {
        "appdirs": {
            "hashes": [
                "sha256:7d5d0167b2b1ba821647616af46a749d1c653740dd0d2415100fe26e27afdf41",
                "sha256:a841dacd6b99318a741b166adb07e19ee71a274450e68237b4650ca1055ab128"
            ],
            "version": "==1.4.4"
        },
        "astroid": {
            "hashes": [
                "sha256:23c718921acab5f08cbbbe9293967f1f8fec40c336d19cd75dc12a9ea31d2eb2",
                "sha256:bd1aa4f9915c98e8aaebcd4e71930154d4e8c9aaf05d35ac0a63d1956091ae3f"
            ],
            "markers": "python_full_version >= '3.7.2'",
            "version": "==2.14.1"
        },
        "atomicwrites": {
            "hashes": [
                "sha256:81b2c9071a49367a7f770170e5eec8cb66567cfbbc8c73d20ce5ca4a8d71cf11"
            ],
            "version": "==1.4.1"
        },
        "attrs": {
            "hashes": [
                "sha256:29e95c7f6778868dbd49170f98f8818f78f3dc5e0e37c0b1f474e3561b240836",
                "sha256:c9227bfc2f01993c03f68db37d1d15c9690188323c067c641f1a35ca58185f99"
            ],
            "markers": "python_version >= '3.6'",
            "version": "==22.2.0"
        },
        "black": {
            "hashes": [
                "sha256:09a9dcb7c46ed496a9850b76e4e825d6049ecd38b611f1224857a79bd985a8cf",
                "sha256:68950ffd4d9169716bcb8719a56c07a2f4485354fec061cdd5910aa07369731c"
            ],
            "index": "pypi",
            "version": "==19.3b0"
        },
        "click": {
            "hashes": [
                "sha256:7682dc8afb30297001674575ea00d1814d808d6a36af415a82bd481d37ba7b8e",
                "sha256:bb4d8133cb15a609f44e8213d9b391b0809795062913b383c62be0ee95b1db48"
            ],
            "markers": "python_version >= '3.7'",
            "version": "==8.1.3"
        },
        "coverage": {
            "hashes": [
                "sha256:04481245ef966fbd24ae9b9e537ce899ae584d521dfbe78f89cad003c38ca2ab",
                "sha256:0c45948f613d5d18c9ec5eaa203ce06a653334cf1bd47c783a12d0dd4fd9c851",
                "sha256:10188fe543560ec4874f974b5305cd1a8bdcfa885ee00ea3a03733464c4ca265",
                "sha256:218fe982371ac7387304153ecd51205f14e9d731b34fb0568181abaf7b443ba0",
                "sha256:29571503c37f2ef2138a306d23e7270687c0efb9cab4bd8038d609b5c2393a3a",
                "sha256:2a60d6513781e87047c3e630b33b4d1e89f39836dac6e069ffee28c4786715f5",
                "sha256:2bf1d5f2084c3932b56b962a683074a3692bce7cabd3aa023c987a2a8e7612f6",
                "sha256:3164d31078fa9efe406e198aecd2a02d32a62fecbdef74f76dad6a46c7e48311",
                "sha256:32df215215f3af2c1617a55dbdfb403b772d463d54d219985ac7cd3bf124cada",
                "sha256:33d1ae9d4079e05ac4cc1ef9e20c648f5afabf1a92adfaf2ccf509c50b85717f",
                "sha256:33ff26d0f6cc3ca8de13d14fde1ff8efe1456b53e3f0273e63cc8b3c84a063d8",
                "sha256:38da2db80cc505a611938d8624801158e409928b136c8916cd2e203970dde4dc",
                "sha256:3b155caf3760408d1cb903b21e6a97ad4e2bdad43cbc265e3ce0afb8e0057e73",
                "sha256:3b946bbcd5a8231383450b195cfb58cb01cbe7f8949f5758566b881df4b33baf",
                "sha256:3baf5f126f30781b5e93dbefcc8271cb2491647f8283f20ac54d12161dff080e",
                "sha256:4b14d5e09c656de5038a3f9bfe5228f53439282abcab87317c9f7f1acb280352",
                "sha256:51b236e764840a6df0661b67e50697aaa0e7d4124ca95e5058fa3d7cbc240b7c",
                "sha256:63ffd21aa133ff48c4dff7adcc46b7ec8b565491bfc371212122dd999812ea1c",
                "sha256:6a43c7823cd7427b4ed763aa7fb63901ca8288591323b58c9cd6ec31ad910f3c",
                "sha256:755e89e32376c850f826c425ece2c35a4fc266c081490eb0a841e7c1cb0d3bda",
                "sha256:7a726d742816cb3a8973c8c9a97539c734b3a309345236cd533c4883dda05b8d",
                "sha256:7c7c0d0827e853315c9bbd43c1162c006dd808dbbe297db7ae66cd17b07830f0",
                "sha256:7ed681b0f8e8bcbbffa58ba26fcf5dbc8f79e7997595bf071ed5430d8c08d6f3",
                "sha256:7ee5c9bb51695f80878faaa5598040dd6c9e172ddcf490382e8aedb8ec3fec8d",
                "sha256:8361be1c2c073919500b6601220a6f2f98ea0b6d2fec5014c1d9cfa23dd07038",
                "sha256:8ae125d1134bf236acba8b83e74c603d1b30e207266121e76484562bc816344c",
                "sha256:9817733f0d3ea91bea80de0f79ef971ae94f81ca52f9b66500c6a2fea8e4b4f8",
                "sha256:98b85dd86514d889a2e3dd22ab3c18c9d0019e696478391d86708b805f4ea0fa",
                "sha256:9ccb092c9ede70b2517a57382a601619d20981f56f440eae7e4d7eaafd1d1d09",
                "sha256:9d58885215094ab4a86a6aef044e42994a2bd76a446dc59b352622655ba6621b",
                "sha256:b643cb30821e7570c0aaf54feaf0bfb630b79059f85741843e9dc23f33aaca2c",
                "sha256:bc7c85a150501286f8b56bd8ed3aa4093f4b88fb68c0843d21ff9656f0009d6a",
                "sha256:beeb129cacea34490ffd4d6153af70509aa3cda20fdda2ea1a2be870dfec8d52",
                "sha256:c31b75ae466c053a98bf26843563b3b3517b8f37da4d47b1c582fdc703112bc3",
                "sha256:c4e4881fa9e9667afcc742f0c244d9364d197490fbc91d12ac3b5de0bf2df146",
                "sha256:c5b15ed7644ae4bee0ecf74fee95808dcc34ba6ace87e8dfbf5cb0dc20eab45a",
                "sha256:d12d076582507ea460ea2a89a8c85cb558f83406c8a41dd641d7be9a32e1274f",
                "sha256:d248cd4a92065a4d4543b8331660121b31c4148dd00a691bfb7a5cdc7483cfa4",
                "sha256:d47dd659a4ee952e90dc56c97d78132573dc5c7b09d61b416a9deef4ebe01a0c",
                "sha256:d4a5a5879a939cb84959d86869132b00176197ca561c664fc21478c1eee60d75",
                "sha256:da9b41d4539eefd408c46725fb76ecba3a50a3367cafb7dea5f250d0653c1040",
                "sha256:db61a79c07331e88b9a9974815c075fbd812bc9dbc4dc44b366b5368a2936063",
                "sha256:ddb726cb861c3117a553f940372a495fe1078249ff5f8a5478c0576c7be12050",
                "sha256:ded59300d6330be27bc6cf0b74b89ada58069ced87c48eaf9344e5e84b0072f7",
                "sha256:e2617759031dae1bf183c16cef8fcfb3de7617f394c813fa5e8e46e9b82d4222",
                "sha256:e5cdbb5cafcedea04924568d990e20ce7f1945a1dd54b560f879ee2d57226912",
                "sha256:ec8e767f13be637d056f7e07e61d089e555f719b387a7070154ad80a0ff31801",
                "sha256:ef382417db92ba23dfb5864a3fc9be27ea4894e86620d342a116b243ade5d35d",
                "sha256:f2cba5c6db29ce991029b5e4ac51eb36774458f0a3b8d3137241b32d1bb91f06",
                "sha256:f5b4198d85a3755d27e64c52f8c95d6333119e49fd001ae5798dac872c95e0f8",
                "sha256:ffeeb38ee4a80a30a6877c5c4c359e5498eec095878f1581453202bfacc8fbc2"
            ],
            "markers": "python_version >= '3.7'",
            "version": "==7.1.0"
        },
        "entrypoints": {
            "hashes": [
                "sha256:589f874b313739ad35be6e0cd7efde2a4e9b6fea91edcc34e58ecbb8dbe56d19",
                "sha256:c70dd71abe5a8c85e55e12c19bd91ccfeec11a6e99044204511f9ed547d48451"
            ],
            "markers": "python_version >= '2.7'",
            "version": "==0.3"
        },
        "flake8": {
            "hashes": [
                "sha256:859996073f341f2670741b51ec1e67a01da142831aa1fdc6242dbf88dffbe661",
                "sha256:a796a115208f5c03b18f332f7c11729812c8c3ded6c46319c59b53efd3819da8"
            ],
            "index": "pypi",
            "version": "==3.7.7"
        },
        "isort": {
            "hashes": [
                "sha256:54da7e92468955c4fceacd0c86bd0ec997b0e1ee80d97f67c35a78b719dccab1",
                "sha256:6e811fcb295968434526407adb8796944f1988c5b65e8139058f2014cbe100fd"
            ],
            "markers": "python_version >= '2.7' and python_version not in '3.0, 3.1, 3.2, 3.3'",
            "version": "==4.3.21"
        },
        "lazy-object-proxy": {
            "hashes": [
                "sha256:09763491ce220c0299688940f8dc2c5d05fd1f45af1e42e636b2e8b2303e4382",
                "sha256:0a891e4e41b54fd5b8313b96399f8b0e173bbbfc03c7631f01efbe29bb0bcf82",
                "sha256:189bbd5d41ae7a498397287c408617fe5c48633e7755287b21d741f7db2706a9",
                "sha256:18b78ec83edbbeb69efdc0e9c1cb41a3b1b1ed11ddd8ded602464c3fc6020494",
                "sha256:1aa3de4088c89a1b69f8ec0dcc169aa725b0ff017899ac568fe44ddc1396df46",
                "sha256:212774e4dfa851e74d393a2370871e174d7ff0ebc980907723bb67d25c8a7c30",
                "sha256:2d0daa332786cf3bb49e10dc6a17a52f6a8f9601b4cf5c295a4f85854d61de63",
                "sha256:5f83ac4d83ef0ab017683d715ed356e30dd48a93746309c8f3517e1287523ef4",
                "sha256:659fb5809fa4629b8a1ac5106f669cfc7bef26fbb389dda53b3e010d1ac4ebae",
                "sha256:660c94ea760b3ce47d1855a30984c78327500493d396eac4dfd8bd82041b22be",
                "sha256:66a3de4a3ec06cd8af3f61b8e1ec67614fbb7c995d02fa224813cb7afefee701",
                "sha256:721532711daa7db0d8b779b0bb0318fa87af1c10d7fe5e52ef30f8eff254d0cd",
                "sha256:7322c3d6f1766d4ef1e51a465f47955f1e8123caee67dd641e67d539a534d006",
                "sha256:79a31b086e7e68b24b99b23d57723ef7e2c6d81ed21007b6281ebcd1688acb0a",
                "sha256:81fc4d08b062b535d95c9ea70dbe8a335c45c04029878e62d744bdced5141586",
                "sha256:8fa02eaab317b1e9e03f69aab1f91e120e7899b392c4fc19807a8278a07a97e8",
                "sha256:9090d8e53235aa280fc9239a86ae3ea8ac58eff66a705fa6aa2ec4968b95c821",
                "sha256:946d27deaff6cf8452ed0dba83ba38839a87f4f7a9732e8f9fd4107b21e6ff07",
                "sha256:9990d8e71b9f6488e91ad25f322898c136b008d87bf852ff65391b004da5e17b",
                "sha256:9cd077f3d04a58e83d04b20e334f678c2b0ff9879b9375ed107d5d07ff160171",
                "sha256:9e7551208b2aded9c1447453ee366f1c4070602b3d932ace044715d89666899b",
                "sha256:9f5fa4a61ce2438267163891961cfd5e32ec97a2c444e5b842d574251ade27d2",
                "sha256:b40387277b0ed2d0602b8293b94d7257e17d1479e257b4de114ea11a8cb7f2d7",
                "sha256:bfb38f9ffb53b942f2b5954e0f610f1e721ccebe9cce9025a38c8ccf4a5183a4",
                "sha256:cbf9b082426036e19c6924a9ce90c740a9861e2bdc27a4834fd0a910742ac1e8",
                "sha256:d9e25ef10a39e8afe59a5c348a4dbf29b4868ab76269f81ce1674494e2565a6e",
                "sha256:db1c1722726f47e10e0b5fdbf15ac3b8adb58c091d12b3ab713965795036985f",
                "sha256:e7c21c95cae3c05c14aafffe2865bbd5e377cfc1348c4f7751d9dc9a48ca4bda",
                "sha256:e8c6cfb338b133fbdbc5cfaa10fe3c6aeea827db80c978dbd13bc9dd8526b7d4",
                "sha256:ea806fd4c37bf7e7ad82537b0757999264d5f70c45468447bb2b91afdbe73a6e",
                "sha256:edd20c5a55acb67c7ed471fa2b5fb66cb17f61430b7a6b9c3b4a1e40293b1671",
                "sha256:f0117049dd1d5635bbff65444496c90e0baa48ea405125c088e93d9cf4525b11",
                "sha256:f0705c376533ed2a9e5e97aacdbfe04cecd71e0aa84c7c0595d02ef93b6e4455",
                "sha256:f12ad7126ae0c98d601a7ee504c1122bcef553d1d5e0c3bfa77b16b3968d2734",
                "sha256:f2457189d8257dd41ae9b434ba33298aec198e30adf2dcdaaa3a28b9994f6adb",
                "sha256:f699ac1c768270c9e384e4cbd268d6e67aebcfae6cd623b4d7c3bfde5a35db59"
            ],
            "markers": "python_version >= '3.7'",
            "version": "==1.9.0"
        },
        "mccabe": {
            "hashes": [
                "sha256:ab8a6258860da4b6677da4bd2fe5dc2c659cff31b3ee4f7f5d64e79735b80d42",
                "sha256:dd8d182285a0fe56bace7f45b5e7d1a6ebcbf524e8f3bd87eb0f125271b8831f"
            ],
            "version": "==0.6.1"
        },
        "more-itertools": {
            "hashes": [
                "sha256:250e83d7e81d0c87ca6bd942e6aeab8cc9daa6096d12c5308f3f92fa5e5c1f41",
                "sha256:5a6257e40878ef0520b1803990e3e22303a41b5714006c32a3fd8304b26ea1ab"
            ],
            "markers": "python_version > '2.7'",
            "version": "==9.0.0"
        },
        "packaging": {
            "hashes": [
                "sha256:714ac14496c3e68c99c29b00845f7a2b85f3bb6f1078fd9f72fd20f0570002b2",
                "sha256:b6ad297f8907de0fa2fe1ccbd26fdaf387f5f47c7275fedf8cce89f99446cf97"
            ],
            "markers": "python_version >= '3.7'",
            "version": "==23.0"
        },
        "pluggy": {
            "hashes": [
                "sha256:4224373bacce55f955a878bf9cfa763c1e360858e330072059e10bad68531159",
                "sha256:74134bbf457f031a36d68416e1509f34bd5ccc019f0bcc952c7b909d06b37bd3"
            ],
            "markers": "python_version >= '3.6'",
            "version": "==1.0.0"
        },
        "py": {
            "hashes": [
                "sha256:51c75c4126074b472f746a24399ad32f6053d1b34b68d2fa41e558e6f4a98719",
                "sha256:607c53218732647dff4acdfcd50cb62615cedf612e72d1724fb1a0cc6405b378"
            ],
            "markers": "python_version >= '2.7' and python_version not in '3.0, 3.1, 3.2, 3.3, 3.4'",
            "version": "==1.11.0"
        },
        "pycodestyle": {
            "hashes": [
                "sha256:95a2219d12372f05704562a14ec30bc76b05a5b297b21a5dfe3f6fac3491ae56",
                "sha256:e40a936c9a450ad81df37f549d676d127b1b66000a6c500caa2b085bc0ca976c"
            ],
            "markers": "python_version >= '2.7' and python_version not in '3.0, 3.1, 3.2, 3.3'",
            "version": "==2.5.0"
        },
        "pyflakes": {
            "hashes": [
                "sha256:17dbeb2e3f4d772725c777fabc446d5634d1038f234e77343108ce445ea69ce0",
                "sha256:d976835886f8c5b31d47970ed689944a0262b5f3afa00a5a7b4dc81e5449f8a2"
            ],
            "markers": "python_version >= '2.7' and python_version not in '3.0, 3.1, 3.2, 3.3'",
            "version": "==2.1.1"
        },
        "pylint": {
            "hashes": [
                "sha256:5d77031694a5fb97ea95e828c8d10fc770a1df6eb3906067aaed42201a8a6a09",
                "sha256:723e3db49555abaf9bf79dc474c6b9e2935ad82230b10c1138a71ea41ac0fff1"
            ],
            "index": "pypi",
            "version": "==2.3.1"
        },
        "pytest": {
            "hashes": [
                "sha256:3773f4c235918987d51daf1db66d51c99fac654c81d6f2f709a046ab446d5e5d",
                "sha256:b7802283b70ca24d7119b32915efa7c409982f59913c1a6c0640aacf118b95f5"
            ],
            "index": "pypi",
            "version": "==4.4.1"
        },
        "pytest-cov": {
            "hashes": [
                "sha256:0ab664b25c6aa9716cbf203b17ddb301932383046082c081b9848a0edf5add33",
                "sha256:230ef817450ab0699c6cc3c9c8f7a829c34674456f2ed8df1fe1d39780f7c87f"
            ],
            "index": "pypi",
            "version": "==2.6.1"
        },
        "pytest-sugar": {
            "hashes": [
                "sha256:26cf8289fe10880cbbc130bd77398c4e6a8b936d8393b116a5c16121d95ab283",
                "sha256:fcd87a74b2bce5386d244b49ad60549bfbc4602527797fac167da147983f58ab"
            ],
            "index": "pypi",
            "version": "==0.9.2"
        },
        "setuptools": {
            "hashes": [
                "sha256:a7687c12b444eaac951ea87a9627c4f904ac757e7abdc5aac32833234af90378",
                "sha256:e261cdf010c11a41cb5cb5f1bf3338a7433832029f559a6a7614bd42a967c300"
            ],
            "markers": "python_version >= '3.7'",
            "version": "==67.1.0"
        },
        "six": {
            "hashes": [
                "sha256:1e61c37477a1626458e36f7b1d82aa5c9b094fa4802892072e49de9c60c4c926",
                "sha256:8abb2f1d86890a2dfb989f9a77cfcfd3e47c2a354b01111771326f8aa26e0254"
            ],
            "markers": "python_version >= '2.7' and python_version not in '3.0, 3.1, 3.2, 3.3'",
            "version": "==1.16.0"
        },
        "termcolor": {
            "hashes": [
                "sha256:91ddd848e7251200eac969846cbae2dacd7d71c2871e92733289e7e3666f48e7",
                "sha256:dfc8ac3f350788f23b2947b3e6cfa5a53b630b612e6cd8965a015a776020b99a"
            ],
            "markers": "python_version >= '3.7'",
            "version": "==2.2.0"
        },
        "toml": {
            "hashes": [
                "sha256:806143ae5bfb6a3c6e736a764057db0e6a0e05e338b5630894a5f779cabb4f9b",
                "sha256:b3bda1d108d5dd99f4a20d24d9c348e91c4db7ab1b749200bded2f839ccbe68f"
            ],
            "markers": "python_version >= '2.6' and python_version not in '3.0, 3.1, 3.2, 3.3'",
            "version": "==0.10.2"
        },
        "wrapt": {
            "hashes": [
                "sha256:09fbbcfb17be9464c18f3e54457e4907a3913f836a691552ae1c967df4d6e4b4",
                "sha256:0d47527c5c8f9fa6d20fd72e87c39c1cad627f8c7f11b62af05e27ddcd443ba3",
                "sha256:107415c7367bf5489ab7b16f5348216a1a1c4ff8d5ec08612cf6f64321f9ad3c",
                "sha256:123de234ee3f528ae817a4be29f811b9ce25f9f48ed446fbd5adcf68b7abb869",
                "sha256:1b2975c345967fbbff2fa9ffc45c60c30de005e753b6c01135ba4fbb788d3f38",
                "sha256:21c1487e21979ba8a6a1d6e2e2d026bfeb57aebec0e25da2f7960938e99a9e8c",
                "sha256:25be3596f51338a6043c6679870d95eb0636e02bb1e6ccf63da61e8021e533d0",
                "sha256:26bc4fe48eb78cc6a1328b70fe720555b4d31321b060b69fc03a1f8296ee40de",
                "sha256:30201cbcfea303e345b3c83fb7217e34c46c87df897d3a6f9e0cb840cc0f81c9",
                "sha256:32960f2f9e5f53ff8c75ef9704d03114fc14c8f604a75323aa7b907f65bfcb6b",
                "sha256:338dd5c161be7c981f8afb597dac0f5d26e9310d66bbf612209fa29c21a7da33",
                "sha256:3a8981cbf86e0a004160cbd299af99cb251f93a49d58032bd7400b23f40839e5",
                "sha256:3cdfb26e3e9fec79e04af3e37b0576c12ee3cd5aa7ba3f041b92aa323fb7f997",
                "sha256:401a64a7cdfe4d00edcd6a36666e6fba0f61291f6bacf686baf918182f02cf2d",
                "sha256:42a271aac91a2c74ea6a6b869219cff14404e9362de05c4b83f65dfed7e9b12c",
                "sha256:44bd131dab4ed4d6221fa78277b6ccbcfa9b439629ffa930b1d1ddc38a88a224",
                "sha256:45d9589ff8649934c2106d57b85405777e9ce1278eaf0f0fec70f5e037d82c48",
                "sha256:485cdea587ccc1e8d483855e4e26ab4397b6455e2b416c1f8034ac0acd820da8",
                "sha256:49e9cb44795b512097f09d9df29e0d83d5f2a517a00eec47d886c0ded5be4496",
                "sha256:4c08d4c4698e3119408acfa48871ed210a9c40d566b0426eee0b2bd0bc638c0e",
                "sha256:4c74bf0a62faed5e40431fa846f278420d2356fe2a781b5f601946749f9ac914",
                "sha256:5053e18f970b38e2e8cb4f635bba79ef1a22d236795af73017b415e9a9aeba48",
                "sha256:50bfbb843e37e767634102eaf284def65a381061ca762f536c6b5a40e4aed4f4",
                "sha256:515ab064a2163a05a3b6460137dc4c28c091a58853ed4a0b48b100089a29cb55",
                "sha256:57ec643799932381502c3f0db4ef5de25bc10b0adc02b0de5fb2a61f23ca7562",
                "sha256:5951d10d4cac32454c0a65e83330f832db7c4208eee82a69cd7e9be06bbecb70",
                "sha256:59caed62ad5f7ce1a917e758e15bd2f0bfe2fd6817d0cf8c5e1a713203481669",
                "sha256:5ac1a93b98c131aabc145a8712e01ed0241c66cb5940fe69ba34c61d59d8b31a",
                "sha256:5cc4a8d20edb25b395c62e6932e5a1c8afe1aaf45bf2acd876ba683306f9dfa0",
                "sha256:5d972d3a48c199564e0659d62de4a39d123a547dc25eba548e97b42e4733c0a8",
                "sha256:5f3a8c55f27524c0426b07232dbfb7f2e0ba414dcb57ebc66054f0a170a0fc49",
                "sha256:62324e76ea16e5b0339de237edfc1df338442308c599ad3ca02a22e5b3d847db",
                "sha256:654160de93ee85253d426d9390a649bf2b91e3f79560410644664fd284bc2be8",
                "sha256:66938fd0469076f8fb1064b24778756b47d71348e5ca7bde5f3cec303ed90676",
                "sha256:67cad5aae1d0934b02f6a15fa6f181ef83e86d5d8dee2b26873ff57cdd4c0f4f",
                "sha256:698e03c02d501681939f8a4376afb5521ec04dcca9bfdc023cc968e457e50410",
                "sha256:6d03a9c18017976265d07e40236dd09278a387cdf3870487060ecf4f48ea5252",
                "sha256:72d9f2ff2fb3e5c2bfcf891152995b8589c5e735045fbbaae00bd776a6dc9a6b",
                "sha256:73942a75f7d8b78630076075848d303be3d68798f0462073639583616f0f65a0",
                "sha256:77cb6f9eae637b1d19b78738602317f788df1896b79f8d81b829d186ff8154c3",
                "sha256:7963d8049c452e9462e9ea9bc1a20aa31bda4ce667a39b38013e84ae1e6185b0",
                "sha256:79662ce899950115f33f657b1558a83f631b2a2f91d6fcfdd09a6cbe378cbd2f",
                "sha256:798bb2eb07988514ee3d213d8ab35e6677c86215190896970b1c407b84ce791a",
                "sha256:7afabb46692c9dc3053a526915a05ddbc41266082ee505c64fc5aa1fd8ccfdd9",
                "sha256:7bf51f7815f15d6655c67d32ceedc97787e88c41d1c9cfab19c5f54982d09c41",
                "sha256:81cf008c5ef139b63dac5df0035eb597bc0b5818d321219d41da2c1aa2fa8ce3",
                "sha256:88b8bfb2ce44d91789a566cd2be7083e0520208977322bf84ddd215fbee81b58",
                "sha256:8ee0105bca55eb430ef949eadea557915a183810f25f396e91b5587b7aff3348",
                "sha256:8f0a1f9d970d4af52c4b696022268b710e19f446423a59cf1d9c393b98c0d985",
                "sha256:93d95f9007cdcd2ab1c31761840434aff21bc75859110b28dd77a1016fa39202",
                "sha256:94f9d8cd233b0654c3c38b0855e872716a5b358203a42d41275acb09f3526f0a",
                "sha256:99011767b4b383706ac749d52b6e2b1f7335e45a72ba604465aa097cca61da3d",
                "sha256:9c025bbc3b29ca7d56cdbe8dd88e7c90a4caea59af1a236cc17222b114047342",
                "sha256:9da305a413ac7be48dbcc2eda0a6376235a9cd437a3eb106e67cca36f50f9c12",
                "sha256:9f74533bf0490662451e520450111548cd669440bb30f0400abe9e778789f5b9",
                "sha256:a7f4fbef92c3b507232c65b9504c1f23dd5faede097b55ac5ffa599ae775c6e8",
                "sha256:b51f96d1cd7a88baa373bbb39433d09326fd204c8bf95c2f53b81c530df688ef",
                "sha256:b53b375ef6028136856aca7c22126de55343035d60198d32d32a90e156be857a",
                "sha256:b86269bf2657876413a34c84fe205e853aa28ea84d7d044b6a58fd59f6c84e7c",
                "sha256:bb6182ff6760da884274150af7b7dd3b1a71b49e7c2daa1398e48929b453022a",
                "sha256:c47994d3ac60e235614235aef76fae1d41a2f882f5fbd62b6fde92f29d84d785",
                "sha256:c4e87511f8b06cfdf8555701abe64bd2bd0951d1c2a5e66f9ee652ea38edeb5c",
                "sha256:c588d8e582f07ae24133a4e12ff10e09789763a55acc2317760507492d0d482e",
                "sha256:c9239fef921d5503c1b4489861ecabe246f56791c0804b1afb6917ba0f328002",
                "sha256:d46da7b89f9b09c232528b395e9e27be7a73a2b70745eca2e4580f06fe622be4",
                "sha256:d79b8d62443414fd8790e5b3f89365161957b40e1275888f8e9390a778553bb9",
                "sha256:ddf53a1f0184a9d9bd72af31cbd639e48e5affc8cc473246a5fe2f89e7b01741",
                "sha256:e3855ef2ffebca0fb8a1e80bfde292bcb19cdd43c73b94b2b91c874cca1116b9",
                "sha256:e494137d27700a3a3b020c903d511f1f9fc7ecec406991266a023a756e61db2e",
                "sha256:e7e3ba93fdec4e044a98c955641dd4e978513854d4a9425fd19f15143bc6af02",
                "sha256:e8666f3b83285e84a081fc4260fd044f7ef06843691a3fa5e87432152ceeb7c3",
                "sha256:e999014967cf06782702c7308c3e7977035f548217743eba752b2f8e0b576ee9",
                "sha256:f50f3bb2ba9d914830ac351a6fce9fd3a5b8ff28124966941f0ea1a4789339a4",
                "sha256:f6c7af527e9757af49b0de3f9447a61ad3ebc0cedb8e2ecd900265f715944a16",
                "sha256:f6d36e191323cef8143915e0acc708fd222179311daec90a677f06270367fe8b"
            ],
            "markers": "python_version >= '3.11'",
            "version": "==1.15.0rc1"
        }
    }
}
